
Microsoft Visual Studio Solution File, Format Version 9.00
# Visual Studio 2005
Project("{8BC9CEB8-8B4A-11D0-8D11-00A0C91BC942}") = "wxsqlite3", "sdk\wxsqlite3\wxsqlite3.vcproj", "{CBBD5362-17B1-4EDA-8042-5AC9CEBDDEBE}"
EndProject
Project("{8BC9CEB8-8B4A-11D0-8D11-00A0C91BC942}") = "wxscintilla", "sdk\wxscintilla\wxscintilla.vcproj", "{DA0B59C7-5D6E-48A6-BBD6-4573C5AB3E75}"
EndProject
Project("{8BC9CEB8-8B4A-11D0-8D11-00A0C91BC942}") = "plugin_sdk", "Plugin\plugin_sdk.vcproj", "{4810C669-48D4-42F8-BB24-656C0850FFA1}"
EndProject
Project("{8BC9CEB8-8B4A-11D0-8D11-00A0C91BC942}") = "sqlite3", "sqlite3\sqlite3.vcproj", "{85CC9EE6-97CF-4333-A51B-4128526AC87B}"
EndProject
Project("{8BC9CEB8-8B4A-11D0-8D11-00A0C91BC942}") = "EmbLite", "EmbLite\EmbLite.vcproj", "{AC0BC23A-242D-4A7B-BB8D-3E60A7E58666}"
EndProject
Project("{8BC9CEB8-8B4A-11D0-8D11-00A0C91BC942}") = "SymbolView", "plugins\SymbolView\SymbolView.vcproj", "{2294AA1B-7747-4EA3-99BE-E35D8D812922}"
	ProjectSection(ProjectDependencies) = postProject
		{AC0BC23A-242D-4A7B-BB8D-3E60A7E58666} = {AC0BC23A-242D-4A7B-BB8D-3E60A7E58666}
		{CBBD5362-17B1-4EDA-8042-5AC9CEBDDEBE} = {CBBD5362-17B1-4EDA-8042-5AC9CEBDDEBE}
		{4810C669-48D4-42F8-BB24-656C0850FFA1} = {4810C669-48D4-42F8-BB24-656C0850FFA1}
		{85CC9EE6-97CF-4333-A51B-4128526AC87B} = {85CC9EE6-97CF-4333-A51B-4128526AC87B}
	EndProjectSection
EndProject
Project("{8BC9CEB8-8B4A-11D0-8D11-00A0C91BC942}") = "wxFormBuilder", "plugins\wxFormBuilder\wxFormBuilder.vcproj", "{C8033768-3F20-4317-9BFB-A866D144BF57}"
	ProjectSection(ProjectDependencies) = postProject
		{AC0BC23A-242D-4A7B-BB8D-3E60A7E58666} = {AC0BC23A-242D-4A7B-BB8D-3E60A7E58666}
		{CBBD5362-17B1-4EDA-8042-5AC9CEBDDEBE} = {CBBD5362-17B1-4EDA-8042-5AC9CEBDDEBE}
		{4810C669-48D4-42F8-BB24-656C0850FFA1} = {4810C669-48D4-42F8-BB24-656C0850FFA1}
		{85CC9EE6-97CF-4333-A51B-4128526AC87B} = {85CC9EE6-97CF-4333-A51B-4128526AC87B}
	EndProjectSection
EndProject
Project("{8BC9CEB8-8B4A-11D0-8D11-00A0C91BC942}") = "Subversion2", "plugins\Subversion2\Subversion2.vcproj", "{63D38CC6-D8E9-45BB-A7FC-EF97479FD5C3}"
EndProject
Project("{8BC9CEB8-8B4A-11D0-8D11-00A0C91BC942}") = "Gizmos", "plugins\Gizmos\Gizmos.vcproj", "{EF9F4517-570F-40AA-AD46-31F6BCB0004D}"
	ProjectSection(ProjectDependencies) = postProject
		{AC0BC23A-242D-4A7B-BB8D-3E60A7E58666} = {AC0BC23A-242D-4A7B-BB8D-3E60A7E58666}
		{CBBD5362-17B1-4EDA-8042-5AC9CEBDDEBE} = {CBBD5362-17B1-4EDA-8042-5AC9CEBDDEBE}
		{4810C669-48D4-42F8-BB24-656C0850FFA1} = {4810C669-48D4-42F8-BB24-656C0850FFA1}
		{85CC9EE6-97CF-4333-A51B-4128526AC87B} = {85CC9EE6-97CF-4333-A51B-4128526AC87B}
	EndProjectSection
EndProject
Project("{8BC9CEB8-8B4A-11D0-8D11-00A0C91BC942}") = "ExternalTools", "plugins\ExternalTools\ExternalTools.vcproj", "{B8B97EE6-CB31-4438-ABB2-6D69DEF49C43}"
	ProjectSection(ProjectDependencies) = postProject
		{AC0BC23A-242D-4A7B-BB8D-3E60A7E58666} = {AC0BC23A-242D-4A7B-BB8D-3E60A7E58666}
		{CBBD5362-17B1-4EDA-8042-5AC9CEBDDEBE} = {CBBD5362-17B1-4EDA-8042-5AC9CEBDDEBE}
		{4810C669-48D4-42F8-BB24-656C0850FFA1} = {4810C669-48D4-42F8-BB24-656C0850FFA1}
		{85CC9EE6-97CF-4333-A51B-4128526AC87B} = {85CC9EE6-97CF-4333-A51B-4128526AC87B}
	EndProjectSection
EndProject
Project("{8BC9CEB8-8B4A-11D0-8D11-00A0C91BC942}") = "Copyright", "plugins\Copyright\Copyright.vcproj", "{CECB2B9E-DCAB-4CF4-8887-7ECBEE42E984}"
	ProjectSection(ProjectDependencies) = postProject
		{AC0BC23A-242D-4A7B-BB8D-3E60A7E58666} = {AC0BC23A-242D-4A7B-BB8D-3E60A7E58666}
		{CBBD5362-17B1-4EDA-8042-5AC9CEBDDEBE} = {CBBD5362-17B1-4EDA-8042-5AC9CEBDDEBE}
		{4810C669-48D4-42F8-BB24-656C0850FFA1} = {4810C669-48D4-42F8-BB24-656C0850FFA1}
		{85CC9EE6-97CF-4333-A51B-4128526AC87B} = {85CC9EE6-97CF-4333-A51B-4128526AC87B}
	EndProjectSection
EndProject
Project("{8BC9CEB8-8B4A-11D0-8D11-00A0C91BC942}") = "CodeFormatter", "plugins\CodeFormatter\CodeFormatter.vcproj", "{DE542ACE-66DE-48F4-B8F7-B7E5AF52E446}"
	ProjectSection(ProjectDependencies) = postProject
		{AC0BC23A-242D-4A7B-BB8D-3E60A7E58666} = {AC0BC23A-242D-4A7B-BB8D-3E60A7E58666}
		{CBBD5362-17B1-4EDA-8042-5AC9CEBDDEBE} = {CBBD5362-17B1-4EDA-8042-5AC9CEBDDEBE}
		{4810C669-48D4-42F8-BB24-656C0850FFA1} = {4810C669-48D4-42F8-BB24-656C0850FFA1}
		{85CC9EE6-97CF-4333-A51B-4128526AC87B} = {85CC9EE6-97CF-4333-A51B-4128526AC87B}
	EndProjectSection
EndProject
Project("{8BC9CEB8-8B4A-11D0-8D11-00A0C91BC942}") = "abbreviation", "plugins\abbreviation\abbreviation.vcproj", "{234CD4C8-6AD0-437E-BB96-90E2B99E96B7}"
	ProjectSection(ProjectDependencies) = postProject
		{AC0BC23A-242D-4A7B-BB8D-3E60A7E58666} = {AC0BC23A-242D-4A7B-BB8D-3E60A7E58666}
		{CBBD5362-17B1-4EDA-8042-5AC9CEBDDEBE} = {CBBD5362-17B1-4EDA-8042-5AC9CEBDDEBE}
		{4810C669-48D4-42F8-BB24-656C0850FFA1} = {4810C669-48D4-42F8-BB24-656C0850FFA1}
		{85CC9EE6-97CF-4333-A51B-4128526AC87B} = {85CC9EE6-97CF-4333-A51B-4128526AC87B}
	EndProjectSection
EndProject
Project("{8BC9CEB8-8B4A-11D0-8D11-00A0C91BC942}") = "DebuggerGdb", "Debugger\DebuggerGdb.vcproj", "{5BB1F3A7-13EE-4A87-802D-F828BC4F43BC}"
EndProject
Project("{8BC9CEB8-8B4A-11D0-8D11-00A0C91BC942}") = "LiteEditor", "LiteEditor\LiteEditor.vcproj", "{F99462D6-CB7C-4EF6-BC24-EB6FF6325228}"
	ProjectSection(ProjectDependencies) = postProject
		{85CC9EE6-97CF-4333-A51B-4128526AC87B} = {85CC9EE6-97CF-4333-A51B-4128526AC87B}
		{DA0B59C7-5D6E-48A6-BBD6-4573C5AB3E75} = {DA0B59C7-5D6E-48A6-BBD6-4573C5AB3E75}
		{4810C669-48D4-42F8-BB24-656C0850FFA1} = {4810C669-48D4-42F8-BB24-656C0850FFA1}
		{CBBD5362-17B1-4EDA-8042-5AC9CEBDDEBE} = {CBBD5362-17B1-4EDA-8042-5AC9CEBDDEBE}
		{AC0BC23A-242D-4A7B-BB8D-3E60A7E58666} = {AC0BC23A-242D-4A7B-BB8D-3E60A7E58666}
	EndProjectSection
EndProject
Project("{8BC9CEB8-8B4A-11D0-8D11-00A0C91BC942}") = "emblite_indexer", "sdk\emblite_indexer\emblite_indexer.vcproj", "{CB7955BD-E855-4EF7-982D-5B33F936F4B3}"
EndProject
Global
	GlobalSection(SolutionConfigurationPlatforms) = preSolution
		Debug|Win32 = Debug|Win32
		Release|Win32 = Release|Win32
	EndGlobalSection
	GlobalSection(ProjectConfigurationPlatforms) = postSolution
		{CBBD5362-17B1-4EDA-8042-5AC9CEBDDEBE}.Debug|Win32.ActiveCfg = Debug|Win32
		{CBBD5362-17B1-4EDA-8042-5AC9CEBDDEBE}.Debug|Win32.Build.0 = Debug|Win32
		{CBBD5362-17B1-4EDA-8042-5AC9CEBDDEBE}.Release|Win32.ActiveCfg = Release|Win32
		{CBBD5362-17B1-4EDA-8042-5AC9CEBDDEBE}.Release|Win32.Build.0 = Release|Win32
		{DA0B59C7-5D6E-48A6-BBD6-4573C5AB3E75}.Debug|Win32.ActiveCfg = Debug|Win32
		{DA0B59C7-5D6E-48A6-BBD6-4573C5AB3E75}.Debug|Win32.Build.0 = Debug|Win32
		{DA0B59C7-5D6E-48A6-BBD6-4573C5AB3E75}.Release|Win32.ActiveCfg = Release|Win32
		{DA0B59C7-5D6E-48A6-BBD6-4573C5AB3E75}.Release|Win32.Build.0 = Release|Win32
		{4810C669-48D4-42F8-BB24-656C0850FFA1}.Debug|Win32.ActiveCfg = Debug|Win32
		{4810C669-48D4-42F8-BB24-656C0850FFA1}.Debug|Win32.Build.0 = Debug|Win32
		{4810C669-48D4-42F8-BB24-656C0850FFA1}.Release|Win32.ActiveCfg = Release|Win32
		{4810C669-48D4-42F8-BB24-656C0850FFA1}.Release|Win32.Build.0 = Release|Win32
		{85CC9EE6-97CF-4333-A51B-4128526AC87B}.Debug|Win32.ActiveCfg = Debug|Win32
		{85CC9EE6-97CF-4333-A51B-4128526AC87B}.Debug|Win32.Build.0 = Debug|Win32
		{85CC9EE6-97CF-4333-A51B-4128526AC87B}.Release|Win32.ActiveCfg = Release|Win32
		{85CC9EE6-97CF-4333-A51B-4128526AC87B}.Release|Win32.Build.0 = Release|Win32
		{AC0BC23A-242D-4A7B-BB8D-3E60A7E58666}.Debug|Win32.ActiveCfg = Debug|Win32
		{AC0BC23A-242D-4A7B-BB8D-3E60A7E58666}.Debug|Win32.Build.0 = Debug|Win32
		{AC0BC23A-242D-4A7B-BB8D-3E60A7E58666}.Release|Win32.ActiveCfg = Release|Win32
		{AC0BC23A-242D-4A7B-BB8D-3E60A7E58666}.Release|Win32.Build.0 = Release|Win32
		{2294AA1B-7747-4EA3-99BE-E35D8D812922}.Debug|Win32.ActiveCfg = Debug|Win32
		{2294AA1B-7747-4EA3-99BE-E35D8D812922}.Debug|Win32.Build.0 = Debug|Win32
		{2294AA1B-7747-4EA3-99BE-E35D8D812922}.Release|Win32.ActiveCfg = Release|Win32
		{2294AA1B-7747-4EA3-99BE-E35D8D812922}.Release|Win32.Build.0 = Release|Win32
		{C8033768-3F20-4317-9BFB-A866D144BF57}.Debug|Win32.ActiveCfg = Debug|Win32
		{C8033768-3F20-4317-9BFB-A866D144BF57}.Debug|Win32.Build.0 = Debug|Win32
		{C8033768-3F20-4317-9BFB-A866D144BF57}.Release|Win32.ActiveCfg = Release|Win32
		{C8033768-3F20-4317-9BFB-A866D144BF57}.Release|Win32.Build.0 = Release|Win32
		{63D38CC6-D8E9-45BB-A7FC-EF97479FD5C3}.Debug|Win32.ActiveCfg = Debug|Win32
		{63D38CC6-D8E9-45BB-A7FC-EF97479FD5C3}.Debug|Win32.Build.0 = Debug|Win32
		{63D38CC6-D8E9-45BB-A7FC-EF97479FD5C3}.Release|Win32.ActiveCfg = Release|Win32
		{63D38CC6-D8E9-45BB-A7FC-EF97479FD5C3}.Release|Win32.Build.0 = Release|Win32
		{EF9F4517-570F-40AA-AD46-31F6BCB0004D}.Debug|Win32.ActiveCfg = Debug|Win32
		{EF9F4517-570F-40AA-AD46-31F6BCB0004D}.Debug|Win32.Build.0 = Debug|Win32
		{EF9F4517-570F-40AA-AD46-31F6BCB0004D}.Release|Win32.ActiveCfg = Release|Win32
		{EF9F4517-570F-40AA-AD46-31F6BCB0004D}.Release|Win32.Build.0 = Release|Win32
		{B8B97EE6-CB31-4438-ABB2-6D69DEF49C43}.Debug|Win32.ActiveCfg = Debug|Win32
		{B8B97EE6-CB31-4438-ABB2-6D69DEF49C43}.Debug|Win32.Build.0 = Debug|Win32
		{B8B97EE6-CB31-4438-ABB2-6D69DEF49C43}.Release|Win32.ActiveCfg = Release|Win32
		{B8B97EE6-CB31-4438-ABB2-6D69DEF49C43}.Release|Win32.Build.0 = Release|Win32
		{CECB2B9E-DCAB-4CF4-8887-7ECBEE42E984}.Debug|Win32.ActiveCfg = Debug|Win32
		{CECB2B9E-DCAB-4CF4-8887-7ECBEE42E984}.Debug|Win32.Build.0 = Debug|Win32
		{CECB2B9E-DCAB-4CF4-8887-7ECBEE42E984}.Release|Win32.ActiveCfg = Release|Win32
		{CECB2B9E-DCAB-4CF4-8887-7ECBEE42E984}.Release|Win32.Build.0 = Release|Win32
		{DE542ACE-66DE-48F4-B8F7-B7E5AF52E446}.Debug|Win32.ActiveCfg = Debug|Win32
		{DE542ACE-66DE-48F4-B8F7-B7E5AF52E446}.Debug|Win32.Build.0 = Debug|Win32
		{DE542ACE-66DE-48F4-B8F7-B7E5AF52E446}.Release|Win32.ActiveCfg = Release|Win32
		{DE542ACE-66DE-48F4-B8F7-B7E5AF52E446}.Release|Win32.Build.0 = Release|Win32
		{234CD4C8-6AD0-437E-BB96-90E2B99E96B7}.Debug|Win32.ActiveCfg = Debug|Win32
		{234CD4C8-6AD0-437E-BB96-90E2B99E96B7}.Debug|Win32.Build.0 = Debug|Win32
		{234CD4C8-6AD0-437E-BB96-90E2B99E96B7}.Release|Win32.ActiveCfg = Release|Win32
		{234CD4C8-6AD0-437E-BB96-90E2B99E96B7}.Release|Win32.Build.0 = Release|Win32
		{5BB1F3A7-13EE-4A87-802D-F828BC4F43BC}.Debug|Win32.ActiveCfg = Debug|Win32
		{5BB1F3A7-13EE-4A87-802D-F828BC4F43BC}.Debug|Win32.Build.0 = Debug|Win32
		{5BB1F3A7-13EE-4A87-802D-F828BC4F43BC}.Release|Win32.ActiveCfg = Release|Win32
		{5BB1F3A7-13EE-4A87-802D-F828BC4F43BC}.Release|Win32.Build.0 = Release|Win32
		{F99462D6-CB7C-4EF6-BC24-EB6FF6325228}.Debug|Win32.ActiveCfg = Debug|Win32
		{F99462D6-CB7C-4EF6-BC24-EB6FF6325228}.Debug|Win32.Build.0 = Debug|Win32
		{F99462D6-CB7C-4EF6-BC24-EB6FF6325228}.Release|Win32.ActiveCfg = Release|Win32
		{F99462D6-CB7C-4EF6-BC24-EB6FF6325228}.Release|Win32.Build.0 = Release|Win32
		{CB7955BD-E855-4EF7-982D-5B33F936F4B3}.Debug|Win32.ActiveCfg = Debug|Win32
		{CB7955BD-E855-4EF7-982D-5B33F936F4B3}.Debug|Win32.Build.0 = Debug|Win32
		{CB7955BD-E855-4EF7-982D-5B33F936F4B3}.Release|Win32.ActiveCfg = Release|Win32
		{CB7955BD-E855-4EF7-982D-5B33F936F4B3}.Release|Win32.Build.0 = Release|Win32
	EndGlobalSection
	GlobalSection(SolutionProperties) = preSolution
		HideSolutionNode = FALSE
	EndGlobalSection
EndGlobal
